// !$*UTF8*$!
{
	archiveVersion = 1;
	classes = {
	};
	objectVersion = 46;
	objects = {

/* Begin PBXBuildFile section */
		59331F111DB23CB50049B113 /* PlaySongVC.swift in Sources */ = {isa = PBXBuildFile; fileRef = 59331F101DB23CB50049B113 /* PlaySongVC.swift */; };
		595DF9361DB219E0008C8209 /* AppDelegate.swift in Sources */ = {isa = PBXBuildFile; fileRef = 595DF9351DB219E0008C8209 /* AppDelegate.swift */; };
		595DF9381DB219E0008C8209 /* LoginVC.swift in Sources */ = {isa = PBXBuildFile; fileRef = 595DF9371DB219E0008C8209 /* LoginVC.swift */; };
		595DF93B1DB219E0008C8209 /* Main.storyboard in Resources */ = {isa = PBXBuildFile; fileRef = 595DF9391DB219E0008C8209 /* Main.storyboard */; };
		595DF93D1DB219E0008C8209 /* Assets.xcassets in Resources */ = {isa = PBXBuildFile; fileRef = 595DF93C1DB219E0008C8209 /* Assets.xcassets */; };
		595DF9401DB219E0008C8209 /* LaunchScreen.storyboard in Resources */ = {isa = PBXBuildFile; fileRef = 595DF93E1DB219E0008C8209 /* LaunchScreen.storyboard */; };
		595DF9481DB21B3C008C8209 /* MusicListVC.swift in Sources */ = {isa = PBXBuildFile; fileRef = 595DF9471DB21B3C008C8209 /* MusicListVC.swift */; };
/* End PBXBuildFile section */

/* Begin PBXFileReference section */
		59331F101DB23CB50049B113 /* PlaySongVC.swift */ = {isa = PBXFileReference; fileEncoding = 4; lastKnownFileType = sourcecode.swift; path = PlaySongVC.swift; sourceTree = "<group>"; };
		595DF9321DB219E0008C8209 /* SwappingScreens.app */ = {isa = PBXFileReference; explicitFileType = wrapper.application; includeInIndex = 0; path = SwappingScreens.app; sourceTree = BUILT_PRODUCTS_DIR; };
		595DF9351DB219E0008C8209 /* AppDelegate.swift */ = {isa = PBXFileReference; lastKnownFileType = sourcecode.swift; path = AppDelegate.swift; sourceTree = "<group>"; };
		595DF9371DB219E0008C8209 /* LoginVC.swift */ = {isa = PBXFileReference; lastKnownFileType = sourcecode.swift; path = LoginVC.swift; sourceTree = "<group>"; };
		595DF93A1DB219E0008C8209 /* Base */ = {isa = PBXFileReference; lastKnownFileType = file.storyboard; name = Base; path = Base.lproj/Main.storyboard; sourceTree = "<group>"; };
		595DF93C1DB219E0008C8209 /* Assets.xcassets */ = {isa = PBXFileReference; lastKnownFileType = folder.assetcatalog; path = Assets.xcassets; sourceTree = "<group>"; };
		595DF93F1DB219E0008C8209 /* Base */ = {isa = PBXFileReference; lastKnownFileType = file.storyboard; name = Base; path = Base.lproj/LaunchScreen.storyboard; sourceTree = "<group>"; };
		595DF9411DB219E0008C8209 /* Info.plist */ = {isa = PBXFileReference; lastKnownFileType = text.plist.xml; path = Info.plist; sourceTree = "<group>"; };
		595DF9471DB21B3C008C8209 /* MusicListVC.swift */ = {isa = PBXFileReference; fileEncoding = 4; lastKnownFileType = sourcecode.swift; path = MusicListVC.swift; sourceTree = "<group>"; };
/* End PBXFileReference section */

/* Begin PBXFrameworksBuildPhase section */
		595DF92F1DB219DB008C8209 /* Frameworks */ = {
			isa = PBXFrameworksBuildPhase;
			buildActionMask = 2147483647;
			files = (
			);
			runOnlyForDeploymentPostprocessing = 0;
		};
/* End PBXFrameworksBuildPhase section */

/* Begin PBXGroup section */
		595DF9291DB219DB008C8209 = {
			isa = PBXGroup;
			children = (
				595DF9341DB219E0008C8209 /* SwappingScreens */,
				595DF9331DB219E0008C8209 /* Products */,
			);
			sourceTree = "<group>";
		};
		595DF9331DB219E0008C8209 /* Products */ = {
			isa = PBXGroup;
			children = (
				595DF9321DB219E0008C8209 /* SwappingScreens.app */,
			);
			name = Products;
			sourceTree = "<group>";
		};
		595DF9341DB219E0008C8209 /* SwappingScreens */ = {
			isa = PBXGroup;
			children = (
				595DF9351DB219E0008C8209 /* AppDelegate.swift */,
				595DF9371DB219E0008C8209 /* LoginVC.swift */,
				595DF9471DB21B3C008C8209 /* MusicListVC.swift */,
				595DF9391DB219E0008C8209 /* Main.storyboard */,
				59331F101DB23CB50049B113 /* PlaySongVC.swift */,
				595DF93C1DB219E0008C8209 /* Assets.xcassets */,
				595DF93E1DB219E0008C8209 /* LaunchScreen.storyboard */,
				595DF9411DB219E0008C8209 /* Info.plist */,
			);
			path = SwappingScreens;
			sourceTree = "<group>";
		};
/* End PBXGroup section */

/* Begin PBXNativeTarget section */
		595DF9311DB219DB008C8209 /* SwappingScreens */ = {
			isa = PBXNativeTarget;
			buildConfigurationList = 595DF9441DB219E0008C8209 /* Build configuration list for PBXNativeTarget "SwappingScreens" */;
			buildPhases = (
				595DF92E1DB219DB008C8209 /* Sources */,
				595DF92F1DB219DB008C8209 /* Frameworks */,
				595DF9301DB219DB008C8209 /* Resources */,
			);
			buildRules = (
			);
			dependencies = (
			);
			name = SwappingScreens;
			productName = SwappingScreens;
			productReference = 595DF9321DB219E0008C8209 /* SwappingScreens.app */;
			productType = "com.apple.product-type.application";
		};
/* End PBXNativeTarget section */

/* Begin PBXProject section */
		595DF92A1DB219DB008C8209 /* Project object */ = {
			isa = PBXProject;
			attributes = {
				LastSwiftUpdateCheck = 0800;
				LastUpgradeCheck = 0800;
				ORGANIZATIONNAME = "Brijrajsinh Gohil";
				TargetAttributes = {
					595DF9311DB219DB008C8209 = {
						CreatedOnToolsVersion = 8.0;
						ProvisioningStyle = Automatic;
					};
				};
			};
			buildConfigurationList = 595DF92D1DB219DB008C8209 /* Build configuration list for PBXProject "SwappingScreens" */;
			compatibilityVersion = "Xcode 3.2";
			developmentRegion = English;
			hasScannedForEncodings = 0;
			knownRegions = (
				en,
				Base,
			);
			mainGroup = 595DF9291DB219DB008C8209;
			productRefGroup = 595DF9331DB219E0008C8209 /* Products */;
			projectDirPath = "";
			projectRoot = "";
			targets = (
				595DF9311DB219DB008C8209 /* SwappingScreens */,
			);
		};
/* End PBXProject section */

/* Begin PBXResourcesBuildPhase section */
		595DF9301DB219DB008C8209 /* Resources */ = {
			isa = PBXResourcesBuildPhase;
			buildActionMask = 2147483647;
			files = (
				595DF9401DB219E0008C8209 /* LaunchScreen.storyboard in Resources */,
				595DF93D1DB219E0008C8209 /* Assets.xcassets in Resources */,
				595DF93B1DB219E0008C8209 /* Main.storyboard in Resources */,
			);
			runOnlyForDeploymentPostprocessing = 0;
		};
/* End PBXResourcesBuildPhase section */

/* Begin PBXSourcesBuildPhase section */
		595DF92E1DB219DB008C8209 /* Sources */ = {
			isa = PBXSourcesBuildPhase;
			buildActionMask = 2147483647;
			files = (
				595DF9481DB21B3C008C8209 /* MusicListVC.swift in Sources */,
				59331F111DB23CB50049B113 /* PlaySongVC.swift in Sources */,
				595DF9381DB219E0008C8209 /* LoginVC.swift in Sources */,
				595DF9361DB219E0008C8209 /* AppDelegate.swift in Sources */,
			);
			runOnlyForDeploymentPostprocessing = 0;
		};
/* End PBXSourcesBuildPhase section */

/* Begin PBXVariantGroup section */
		595DF9391DB219E0008C8209 /* Main.storyboard */ = {
			isa = PBXVariantGroup;
			children = (
				595DF93A1DB219E0008C8209 /* Base */,
			);
			name = Main.storyboard;
			sourceTree = "<group>";
		};
		595DF93E1DB219E0008C8209 /* LaunchScreen.storyboard */ = {
			isa = PBXVariantGroup;
			children = (
				595DF93F1DB219E0008C8209 /* Base */,
			);
			name = LaunchScreen.storyboard;
			sourceTree = "<group>";
		};
/* End PBXVariantGroup section */

/* Begin XCBuildConfiguration section */
		595DF9421DB219E0008C8209 /* Debug */ = {
			isa = XCBuildConfiguration;
			buildSettings = {
				ALWAYS_SEARCH_USER_PATHS = NO;
				CLANG_ANALYZER_NONNULL = YES;
				CLANG_CXX_LANGUAGE_STANDARD = "gnu++0x";
				CLANG_CXX_LIBRARY = "libc++";
				CLANG_ENABLE_MODULES = YES;
				CLANG_ENABLE_OBJC_ARC = YES;
				CLANG_WARN_BOOL_CONVERSION = YES;
				CLANG_WARN_CONSTANT_CONVERSION = YES;
				CLANG_WARN_DIRECT_OBJC_ISA_USAGE = YES_ERROR;
				CLANG_WARN_DOCUMENTATION_COMMENTS = YES;
				CLANG_WARN_EMPTY_BODY = YES;
				CLANG_WARN_ENUM_CONVERSION = YES;
				CLANG_WARN_INFINITE_RECURSION = YES;
				CLANG_WARN_INT_CONVERSION = YES;
				CLANG_WARN_OBJC_ROOT_CLASS = YES_ERROR;
				CLANG_WARN_SUSPICIOUS_MOVES = YES;
				CLANG_WARN_UNREACHABLE_CODE = YES;
				CLANG_WARN__DUPLICATE_METHOD_MATCH = YES;
				"CODE_SIGN_IDENTITY[sdk=iphoneos*]" = "iPhone Developer";
				COPY_PHASE_STRIP = NO;
				DEBUG_INFORMATION_FORMAT = dwarf;
				ENABLE_STRICT_OBJC_MSGSEND = YES;
				ENABLE_TESTABILITY = YES;
				GCC_C_LANGUAGE_STANDARD = gnu99;
				GCC_DYNAMIC_NO_PIC = NO;
				GCC_NO_COMMON_BLOCKS = YES;
				GCC_OPTIMIZATION_LEVEL = 0;
				GCC_PREPROCESSOR_DEFINITIONS = (
					"DEBUG=1",
					"$(inherited)",
				);
				GCC_WARN_64_TO_32_BIT_CONVERSION = YES;
				GCC_WARN_ABOUT_RETURN_TYPE = YES_ERROR;
				GCC_WARN_UNDECLARED_SELECTOR = YES;
				GCC_WARN_UNINITIALIZED_AUTOS = YES_AGGRESSIVE;
				GCC_WARN_UNUSED_FUNCTION = YES;
				GCC_WARN_UNUSED_VARIABLE = YES;
				IPHONEOS_DEPLOYMENT_TARGET = 10.0;
				MTL_ENABLE_DEBUG_INFO = YES;
				ONLY_ACTIVE_ARCH = YES;
				SDKROOT = iphoneos;
				SWIFT_ACTIVE_COMPILATION_CONDITIONS = DEBUG;
				SWIFT_OPTIMIZATION_LEVEL = "-Onone";
			};
			name = Debug;
		};
		595DF9431DB219E0008C8209 /* Release */ = {
			isa = XCBuildConfiguration;
			buildSettings = {
				ALWAYS_SEARCH_USER_PATHS = NO;
				CLANG_ANALYZER_NONNULL = YES;
				CLANG_CXX_LANGUAGE_STANDARD = "gnu++0x";
				CLANG_CXX_LIBRARY = "libc++";
				CLANG_ENABLE_MODULES = YES;
				CLANG_ENABLE_OBJC_ARC = YES;
				CLANG_WARN_BOOL_CONVERSION = YES;
				CLANG_WARN_CONSTANT_CONVERSION = YES;
				CLANG_WARN_DIRECT_OBJC_ISA_USAGE = YES_ERROR;
				CLANG_WARN_DOCUMENTATION_COMMENTS = YES;
				CLANG_WARN_EMPTY_BODY = YES;
				CLANG_WARN_ENUM_CONVERSION = YES;
				CLANG_WARN_INFINITE_RECURSION = YES;
				CLANG_WARN_INT_CONVERSION = YES;
				CLANG_WARN_OBJC_ROOT_CLASS = YES_ERROR;
				CLANG_WARN_SUSPICIOUS_MOVES = YES;
				CLANG_WARN_UNREACHABLE_CODE = YES;
				CLANG_WARN__DUPLICATE_METHOD_MATCH = YES;
				"CODE_SIGN_IDENTITY[sdk=iphoneos*]" = "iPhone Developer";
				COPY_PHASE_STRIP = NO;
				DEBUG_INFORMATION_FORMAT = "dwarf-with-dsym";
				ENABLE_NS_ASSERTIONS = NO;
				ENABLE_STRICT_OBJC_MSGSEND = YES;
				GCC_C_LANGUAGE_STANDARD = gnu99;
				GCC_NO_COMMON_BLOCKS = YES;
				GCC_WARN_64_TO_32_BIT_CONVERSION = YES;
				GCC_WARN_ABOUT_RETURN_TYPE = YES_ERROR;
				GCC_WARN_UNDECLARED_SELECTOR = YES;
				GCC_WARN_UNINITIALIZED_AUTOS = YES_AGGRESSIVE;
				GCC_WARN_UNUSED_FUNCTION = YES;
				GCC_WARN_UNUSED_VARIABLE = YES;
				IPHONEOS_DEPLOYMENT_TARGET = 10.0;
				MTL_ENABLE_DEBUG_INFO = NO;
				SDKROOT = iphoneos;
				SWIFT_OPTIMIZATION_LEVEL = "-Owholemodule";
				VALIDATE_PRODUCT = YES;
			};
			name = Release;
		};
		595DF9451DB219E0008C8209 /* Debug */ = {
			isa = XCBuildConfiguration;
			buildSettings = {
				ASSETCATALOG_COMPILER_APPICON_NAME = AppIcon;
				INFOPLIST_FILE = SwappingScreens/Info.plist;
				LD_RUNPATH_SEARCH_PATHS = "$(inherited) @executable_path/Frameworks";
				PRODUCT_BUNDLE_IDENTIFIER = com.brijrajsinhgohil.SwappingScreens;
				PRODUCT_NAME = "$(TARGET_NAME)";
				SWIFT_VERSION = 3.0;
			};
			name = Debug;
		};
		595DF9461DB219E0008C8209 /* Release */ = {
			isa = XCBuildConfiguration;
			buildSettings = {
				ASSETCATALOG_COMPILER_APPICON_NAME = AppIcon;
				INFOPLIST_FILE = SwappingScreens/Info.plist;
				LD_RUNPATH_SEARCH_PATHS = "$(inherited) @executable_path/Frameworks";
				PRODUCT_BUNDLE_IDENTIFIER = com.brijrajsinhgohil.SwappingScreens;
				PRODUCT_NAME = "$(TARGET_NAME)";
				SWIFT_VERSION = 3.0;
			};
			name = Release;
		};
/* End XCBuildConfiguration section */

/* Begin XCConfigurationList section */
		595DF92D1DB219DB008C8209 /* Build configuration list for PBXProject "SwappingScreens" */ = {
			isa = XCConfigurationList;
			buildConfigurations = (
				595DF9421DB219E0008C8209 /* Debug */,
				595DF9431DB219E0008C8209 /* Release */,
			);
			defaultConfigurationIsVisible = 0;
			defaultConfigurationName = Release;
		};
		595DF9441DB219E0008C8209 /* Build configuration list for PBXNativeTarget "SwappingScreens" */ = {
			isa = XCConfigurationList;
			buildConfigurations = (
				595DF9451DB219E0008C8209 /* Debug */,
				595DF9461DB219E0008C8209 /* Release */,
			);
			defaultConfigurationIsVisible = 0;
			defaultConfigurationName = Release;
		};
/* End XCConfigurationList section */
	};
	rootObject = 595DF92A1DB219DB008C8209 /* Project object */;
}
